// !$*UTF8*$!
{
	archiveVersion = 1;
	classes = {
	};
	objectVersion = 46;
	objects = {

/* Begin PBXBuildFile section */
		BAE3D68E1BA53660002F9581 /* AppDelegate.swift in Sources */ = {isa = PBXBuildFile; fileRef = BAE3D68D1BA53660002F9581 /* AppDelegate.swift */; };
		BAE3D6901BA53660002F9581 /* ViewController.swift in Sources */ = {isa = PBXBuildFile; fileRef = BAE3D68F1BA53660002F9581 /* ViewController.swift */; };
		BAE3D6931BA53660002F9581 /* Main.storyboard in Resources */ = {isa = PBXBuildFile; fileRef = BAE3D6911BA53660002F9581 /* Main.storyboard */; };
		BAE3D6951BA53660002F9581 /* Assets.xcassets in Resources */ = {isa = PBXBuildFile; fileRef = BAE3D6941BA53660002F9581 /* Assets.xcassets */; };
		BAE3D6981BA53660002F9581 /* LaunchScreen.storyboard in Resources */ = {isa = PBXBuildFile; fileRef = BAE3D6961BA53660002F9581 /* LaunchScreen.storyboard */; };
		BAE3D6A11BA536A4002F9581 /* JSInterface.swift in Sources */ = {isa = PBXBuildFile; fileRef = BAE3D69F1BA536A4002F9581 /* JSInterface.swift */; };
		BAE3D6A21BA536A4002F9581 /* UIWebViewExt.swift in Sources */ = {isa = PBXBuildFile; fileRef = BAE3D6A01BA536A4002F9581 /* UIWebViewExt.swift */; };
		BAE3D6A41BA5373D002F9581 /* index.html in Resources */ = {isa = PBXBuildFile; fileRef = BAE3D6A31BA5373D002F9581 /* index.html */; };
		BAE3D6A61BA538FC002F9581 /* JavaScriptCore.framework in Frameworks */ = {isa = PBXBuildFile; fileRef = BAE3D6A51BA538FC002F9581 /* JavaScriptCore.framework */; };
/* End PBXBuildFile section */

/* Begin PBXFileReference section */
		BAE3D68A1BA53660002F9581 /* JavaScriptInterfaceDemo.app */ = {isa = PBXFileReference; explicitFileType = wrapper.application; includeInIndex = 0; path = JavaScriptInterfaceDemo.app; sourceTree = BUILT_PRODUCTS_DIR; };
		BAE3D68D1BA53660002F9581 /* AppDelegate.swift */ = {isa = PBXFileReference; lastKnownFileType = sourcecode.swift; path = AppDelegate.swift; sourceTree = "<group>"; };
		BAE3D68F1BA53660002F9581 /* ViewController.swift */ = {isa = PBXFileReference; lastKnownFileType = sourcecode.swift; path = ViewController.swift; sourceTree = "<group>"; };
		BAE3D6921BA53660002F9581 /* Base */ = {isa = PBXFileReference; lastKnownFileType = file.storyboard; name = Base; path = Base.lproj/Main.storyboard; sourceTree = "<group>"; };
		BAE3D6941BA53660002F9581 /* Assets.xcassets */ = {isa = PBXFileReference; lastKnownFileType = folder.assetcatalog; path = Assets.xcassets; sourceTree = "<group>"; };
		BAE3D6971BA53660002F9581 /* Base */ = {isa = PBXFileReference; lastKnownFileType = file.storyboard; name = Base; path = Base.lproj/LaunchScreen.storyboard; sourceTree = "<group>"; };
		BAE3D6991BA53660002F9581 /* Info.plist */ = {isa = PBXFileReference; lastKnownFileType = text.plist.xml; path = Info.plist; sourceTree = "<group>"; };
		BAE3D69F1BA536A4002F9581 /* JSInterface.swift */ = {isa = PBXFileReference; fileEncoding = 4; lastKnownFileType = sourcecode.swift; path = JSInterface.swift; sourceTree = "<group>"; };
		BAE3D6A01BA536A4002F9581 /* UIWebViewExt.swift */ = {isa = PBXFileReference; fileEncoding = 4; lastKnownFileType = sourcecode.swift; path = UIWebViewExt.swift; sourceTree = "<group>"; };
		BAE3D6A31BA5373D002F9581 /* index.html */ = {isa = PBXFileReference; fileEncoding = 4; lastKnownFileType = text.html; path = index.html; sourceTree = "<group>"; };
		BAE3D6A51BA538FC002F9581 /* JavaScriptCore.framework */ = {isa = PBXFileReference; lastKnownFileType = wrapper.framework; name = JavaScriptCore.framework; path = System/Library/Frameworks/JavaScriptCore.framework; sourceTree = SDKROOT; };
/* End PBXFileReference section */

/* Begin PBXFrameworksBuildPhase section */
		BAE3D6871BA53660002F9581 /* Frameworks */ = {
			isa = PBXFrameworksBuildPhase;
			buildActionMask = 2147483647;
			files = (
				BAE3D6A61BA538FC002F9581 /* JavaScriptCore.framework in Frameworks */,
			);
			runOnlyForDeploymentPostprocessing = 0;
		};
/* End PBXFrameworksBuildPhase section */

/* Begin PBXGroup section */
		BAE3D6811BA53660002F9581 = {
			isa = PBXGroup;
			children = (
				BAE3D6A51BA538FC002F9581 /* JavaScriptCore.framework */,
				BAE3D68C1BA53660002F9581 /* JavaScriptInterfaceDemo */,
				BAE3D68B1BA53660002F9581 /* Products */,
			);
			sourceTree = "<group>";
		};
		BAE3D68B1BA53660002F9581 /* Products */ = {
			isa = PBXGroup;
			children = (
				BAE3D68A1BA53660002F9581 /* JavaScriptInterfaceDemo.app */,
			);
			name = Products;
			sourceTree = "<group>";
		};
		BAE3D68C1BA53660002F9581 /* JavaScriptInterfaceDemo */ = {
			isa = PBXGroup;
			children = (
				BAE3D6A31BA5373D002F9581 /* index.html */,
				BAE3D69F1BA536A4002F9581 /* JSInterface.swift */,
				BAE3D6A01BA536A4002F9581 /* UIWebViewExt.swift */,
				BAE3D68D1BA53660002F9581 /* AppDelegate.swift */,
				BAE3D68F1BA53660002F9581 /* ViewController.swift */,
				BAE3D6911BA53660002F9581 /* Main.storyboard */,
				BAE3D6941BA53660002F9581 /* Assets.xcassets */,
				BAE3D6961BA53660002F9581 /* LaunchScreen.storyboard */,
				BAE3D6991BA53660002F9581 /* Info.plist */,
			);
			path = JavaScriptInterfaceDemo;
			sourceTree = "<group>";
		};
/* End PBXGroup section */

/* Begin PBXNativeTarget section */
		BAE3D6891BA53660002F9581 /* JavaScriptInterfaceDemo */ = {
			isa = PBXNativeTarget;
			buildConfigurationList = BAE3D69C1BA53660002F9581 /* Build configuration list for PBXNativeTarget "JavaScriptInterfaceDemo" */;
			buildPhases = (
				BAE3D6861BA53660002F9581 /* Sources */,
				BAE3D6871BA53660002F9581 /* Frameworks */,
				BAE3D6881BA53660002F9581 /* Resources */,
			);
			buildRules = (
			);
			dependencies = (
			);
			name = JavaScriptInterfaceDemo;
			productName = JavaScriptInterfaceDemo;
			productReference = BAE3D68A1BA53660002F9581 /* JavaScriptInterfaceDemo.app */;
			productType = "com.apple.product-type.application";
		};
/* End PBXNativeTarget section */

/* Begin PBXProject section */
		BAE3D6821BA53660002F9581 /* Project object */ = {
			isa = PBXProject;
			attributes = {
				LastUpgradeCheck = 0700;
				ORGANIZATIONNAME = Kem;
				TargetAttributes = {
					BAE3D6891BA53660002F9581 = {
						CreatedOnToolsVersion = 7.0;
						DevelopmentTeam = MQDSDQ68ZR;
						LastSwiftMigration = 0820;
					};
				};
			};
			buildConfigurationList = BAE3D6851BA53660002F9581 /* Build configuration list for PBXProject "JavaScriptInterfaceDemo" */;
			compatibilityVersion = "Xcode 3.2";
			developmentRegion = English;
			hasScannedForEncodings = 0;
			knownRegions = (
				en,
				Base,
			);
			mainGroup = BAE3D6811BA53660002F9581;
			productRefGroup = BAE3D68B1BA53660002F9581 /* Products */;
			projectDirPath = "";
			projectRoot = "";
			targets = (
				BAE3D6891BA53660002F9581 /* JavaScriptInterfaceDemo */,
			);
		};
/* End PBXProject section */

/* Begin PBXResourcesBuildPhase section */
		BAE3D6881BA53660002F9581 /* Resources */ = {
			isa = PBXResourcesBuildPhase;
			buildActionMask = 2147483647;
			files = (
				BAE3D6981BA53660002F9581 /* LaunchScreen.storyboard in Resources */,
				BAE3D6A41BA5373D002F9581 /* index.html in Resources */,
				BAE3D6951BA53660002F9581 /* Assets.xcassets in Resources */,
				BAE3D6931BA53660002F9581 /* Main.storyboard in Resources */,
			);
			runOnlyForDeploymentPostprocessing = 0;
		};
/* End PBXResourcesBuildPhase section */

/* Begin PBXSourcesBuildPhase section */
		BAE3D6861BA53660002F9581 /* Sources */ = {
			isa = PBXSourcesBuildPhase;
			buildActionMask = 2147483647;
			files = (
				BAE3D6901BA53660002F9581 /* ViewController.swift in Sources */,
				BAE3D6A21BA536A4002F9581 /* UIWebViewExt.swift in Sources */,
				BAE3D6A11BA536A4002F9581 /* JSInterface.swift in Sources */,
				BAE3D68E1BA53660002F9581 /* AppDelegate.swift in Sources */,
			);
			runOnlyForDeploymentPostprocessing = 0;
		};
/* End PBXSourcesBuildPhase section */

/* Begin PBXVariantGroup section */
		BAE3D6911BA53660002F9581 /* Main.storyboard */ = {
			isa = PBXVariantGroup;
			children = (
				BAE3D6921BA53660002F9581 /* Base */,
			);
			name = Main.storyboard;
			sourceTree = "<group>";
		};
		BAE3D6961BA53660002F9581 /* LaunchScreen.storyboard */ = {
			isa = PBXVariantGroup;
			children = (
				BAE3D6971BA53660002F9581 /* Base */,
			);
			name = LaunchScreen.storyboard;
			sourceTree = "<group>";
		};
/* End PBXVariantGroup section */

/* Begin XCBuildConfiguration section */
		BAE3D69A1BA53660002F9581 /* Debug */ = {
			isa = XCBuildConfiguration;
			buildSettings = {
				ALWAYS_SEARCH_USER_PATHS = NO;
				CLANG_CXX_LANGUAGE_STANDARD = "gnu++0x";
				CLANG_CXX_LIBRARY = "libc++";
				CLANG_ENABLE_MODULES = YES;
				CLANG_ENABLE_OBJC_ARC = YES;
				CLANG_WARN_BOOL_CONVERSION = YES;
				CLANG_WARN_CONSTANT_CONVERSION = YES;
				CLANG_WARN_DIRECT_OBJC_ISA_USAGE = YES_ERROR;
				CLANG_WARN_EMPTY_BODY = YES;
				CLANG_WARN_ENUM_CONVERSION = YES;
				CLANG_WARN_INT_CONVERSION = YES;
				CLANG_WARN_OBJC_ROOT_CLASS = YES_ERROR;
				CLANG_WARN_UNREACHABLE_CODE = YES;
				CLANG_WARN__DUPLICATE_METHOD_MATCH = YES;
				"CODE_SIGN_IDENTITY[sdk=iphoneos*]" = "iPhone Developer";
				COPY_PHASE_STRIP = NO;
				DEBUG_INFORMATION_FORMAT = dwarf;
				ENABLE_STRICT_OBJC_MSGSEND = YES;
				ENABLE_TESTABILITY = YES;
				GCC_C_LANGUAGE_STANDARD = gnu99;
				GCC_DYNAMIC_NO_PIC = NO;
				GCC_NO_COMMON_BLOCKS = YES;
				GCC_OPTIMIZATION_LEVEL = 0;
				GCC_PREPROCESSOR_DEFINITIONS = (
					"DEBUG=1",
					"$(inherited)",
				);
				GCC_WARN_64_TO_32_BIT_CONVERSION = YES;
				GCC_WARN_ABOUT_RETURN_TYPE = YES_ERROR;
				GCC_WARN_UNDECLARED_SELECTOR = YES;
				GCC_WARN_UNINITIALIZED_AUTOS = YES_AGGRESSIVE;
				GCC_WARN_UNUSED_FUNCTION = YES;
				GCC_WARN_UNUSED_VARIABLE = YES;
				IPHONEOS_DEPLOYMENT_TARGET = 9.0;
				MTL_ENABLE_DEBUG_INFO = YES;
				ONLY_ACTIVE_ARCH = YES;
				SDKROOT = iphoneos;
				SWIFT_OPTIMIZATION_LEVEL = "-Onone";
				TARGETED_DEVICE_FAMILY = "1,2";
			};
			name = Debug;
		};
		BAE3D69B1BA53660002F9581 /* Release */ = {
			isa = XCBuildConfiguration;
			buildSettings = {
				ALWAYS_SEARCH_USER_PATHS = NO;
				CLANG_CXX_LANGUAGE_STANDARD = "gnu++0x";
				CLANG_CXX_LIBRARY = "libc++";
				CLANG_ENABLE_MODULES = YES;
				CLANG_ENABLE_OBJC_ARC = YES;
				CLANG_WARN_BOOL_CONVERSION = YES;
				CLANG_WARN_CONSTANT_CONVERSION = YES;
				CLANG_WARN_DIRECT_OBJC_ISA_USAGE = YES_ERROR;
				CLANG_WARN_EMPTY_BODY = YES;
				CLANG_WARN_ENUM_CONVERSION = YES;
				CLANG_WARN_INT_CONVERSION = YES;
				CLANG_WARN_OBJC_ROOT_CLASS = YES_ERROR;
				CLANG_WARN_UNREACHABLE_CODE = YES;
				CLANG_WARN__DUPLICATE_METHOD_MATCH = YES;
				"CODE_SIGN_IDENTITY[sdk=iphoneos*]" = "iPhone Developer";
				COPY_PHASE_STRIP = NO;
				DEBUG_INFORMATION_FORMAT = "dwarf-with-dsym";
				ENABLE_NS_ASSERTIONS = NO;
				ENABLE_STRICT_OBJC_MSGSEND = YES;
				GCC_C_LANGUAGE_STANDARD = gnu99;
				GCC_NO_COMMON_BLOCKS = YES;
				GCC_WARN_64_TO_32_BIT_CONVERSION = YES;
				GCC_WARN_ABOUT_RETURN_TYPE = YES_ERROR;
				GCC_WARN_UNDECLARED_SELECTOR = YES;
				GCC_WARN_UNINITIALIZED_AUTOS = YES_AGGRESSIVE;
				GCC_WARN_UNUSED_FUNCTION = YES;
				GCC_WARN_UNUSED_VARIABLE = YES;
				IPHONEOS_DEPLOYMENT_TARGET = 9.0;
				MTL_ENABLE_DEBUG_INFO = NO;
				SDKROOT = iphoneos;
				TARGETED_DEVICE_FAMILY = "1,2";
				VALIDATE_PRODUCT = YES;
			};
			name = Release;
		};
		BAE3D69D1BA53660002F9581 /* Debug */ = {
			isa = XCBuildConfiguration;
			buildSettings = {
				ASSETCATALOG_COMPILER_APPICON_NAME = AppIcon;
				DEVELOPMENT_TEAM = MQDSDQ68ZR;
				INFOPLIST_FILE = JavaScriptInterfaceDemo/Info.plist;
				IPHONEOS_DEPLOYMENT_TARGET = 8.4;
				LD_RUNPATH_SEARCH_PATHS = "$(inherited) @executable_path/Frameworks";
				PRODUCT_BUNDLE_IDENTIFIER = com.kesustudio.JavaScriptInterfaceDemo;
				PRODUCT_NAME = "$(TARGET_NAME)";
				SWIFT_VERSION = 3.0;
			};
			name = Debug;
		};
		BAE3D69E1BA53660002F9581 /* Release */ = {
			isa = XCBuildConfiguration;
			buildSettings = {
				ASSETCATALOG_COMPILER_APPICON_NAME = AppIcon;
				DEVELOPMENT_TEAM = MQDSDQ68ZR;
				INFOPLIST_FILE = JavaScriptInterfaceDemo/Info.plist;
				IPHONEOS_DEPLOYMENT_TARGET = 8.4;
				LD_RUNPATH_SEARCH_PATHS = "$(inherited) @executable_path/Frameworks";
				PRODUCT_BUNDLE_IDENTIFIER = com.kesustudio.JavaScriptInterfaceDemo;
				PRODUCT_NAME = "$(TARGET_NAME)";
				SWIFT_VERSION = 3.0;
			};
			name = Release;
		};
/* End XCBuildConfiguration section */

/* Begin XCConfigurationList section */
		BAE3D6851BA53660002F9581 /* Build configuration list for PBXProject "JavaScriptInterfaceDemo" */ = {
			isa = XCConfigurationList;
			buildConfigurations = (
				BAE3D69A1BA53660002F9581 /* Debug */,
				BAE3D69B1BA53660002F9581 /* Release */,
			);
			defaultConfigurationIsVisible = 0;
			defaultConfigurationName = Release;
		};
		BAE3D69C1BA53660002F9581 /* Build configuration list for PBXNativeTarget "JavaScriptInterfaceDemo" */ = {
			isa = XCConfigurationList;
			buildConfigurations = (
				BAE3D69D1BA53660002F9581 /* Debug */,
				BAE3D69E1BA53660002F9581 /* Release */,
			);
			defaultConfigurationIsVisible = 0;
			defaultConfigurationName = Release;
		};
/* End XCConfigurationList section */
	};
	rootObject = BAE3D6821BA53660002F9581 /* Project object */;
}
